
Microsoft Visual Studio Solution File, Format Version 12.00
# Visual Studio Version 17
VisualStudioVersion = 17.9.34728.123
MinimumVisualStudioVersion = 10.0.40219.1
Project("{FAE04EC0-301F-11D3-BF4B-00C04F79EFBC}") = "Project_KTMH", "Project_KTMH.csproj", "{4E465B71-9C37-4588-86E8-C4128E2EBB02}"
EndProject
Global
	GlobalSection(SolutionConfigurationPlatforms) = preSolution
		Debug|Any CPU = Debug|Any CPU
		Release|Any CPU = Release|Any CPU
	EndGlobalSection
	GlobalSection(ProjectConfigurationPlatforms) = postSolution
		{4E465B71-9C37-4588-86E8-C4128E2EBB02}.Debug|Any CPU.ActiveCfg = Debug|Any CPU
		{4E465B71-9C37-4588-86E8-C4128E2EBB02}.Debug|Any CPU.Build.0 = Debug|Any CPU
		{4E465B71-9C37-4588-86E8-C4128E2EBB02}.Release|Any CPU.ActiveCfg = Release|Any CPU
		{4E465B71-9C37-4588-86E8-C4128E2EBB02}.Release|Any CPU.Build.0 = Release|Any CPU
	EndGlobalSection
	GlobalSection(SolutionProperties) = preSolution
		HideSolutionNode = FALSE
	EndGlobalSection
	GlobalSection(ExtensibilityGlobals) = postSolution
		SolutionGuid = {176D3DF0-7939-464A-86D2-271DAEB6F9BB}
	EndGlobalSection
EndGlobal
